
Microsoft Visual Studio Solution File, Format Version 12.00
# Visual Studio Version 17
VisualStudioVersion = 17.14.36717.8 d17.14
MinimumVisualStudioVersion = 10.0.40219.1
Project("{FAE04EC0-301F-11D3-BF4B-00C04F79EFBC}") = "GPCSCommon", "GPCSCommon\GPCSCommon.csproj", "{5FF278B4-105A-4F3A-A235-B16E86D84A6D}"
EndProject
Project("{FAE04EC0-301F-11D3-BF4B-00C04F79EFBC}") = "ScanGenLib", "ScanGenLib\ScanGenLib.csproj", "{3E2C195E-6C4A-43BD-BF54-DB4C5C7A15E6}"
EndProject
Project("{FAE04EC0-301F-11D3-BF4B-00C04F79EFBC}") = "Database", "Database\Database.csproj", "{F2A9A28A-1505-4399-8546-859752199E90}"
EndProject
Project("{FAE04EC0-301F-11D3-BF4B-00C04F79EFBC}") = "GPCSConfig", "GPCSConfig\GPCSConfig.csproj", "{15F70AD4-47FB-46CC-B506-55BEAA471C87}"
EndProject
Project("{FAE04EC0-301F-11D3-BF4B-00C04F79EFBC}") = "CSServer", "CSServer\CSServer.csproj", "{329BEC2E-B887-40AD-B83A-4CF718ABB0FD}"
	ProjectSection(ProjectDependencies) = postProject
		{7B19623E-0DF6-4A48-8813-431BA56B7755} = {7B19623E-0DF6-4A48-8813-431BA56B7755}
	EndProjectSection
EndProject
Project("{FAE04EC0-301F-11D3-BF4B-00C04F79EFBC}") = "DebugLogger", "DebugLogger\DebugLogger.csproj", "{A1CA4050-AE72-4685-A65E-3B8799E7E54B}"
EndProject
Project("{FAE04EC0-301F-11D3-BF4B-00C04F79EFBC}") = "UDPClient", "UDPClient\UDPClient.csproj", "{51983130-8FDB-42AA-B32E-A7872E902899}"
EndProject
Project("{FAE04EC0-301F-11D3-BF4B-00C04F79EFBC}") = "GPCSClientLib", "ClientLib\GPCSClientLib.csproj", "{37C446AB-F13B-4A3F-BB0E-135125AC4653}"
EndProject
Project("{FAE04EC0-301F-11D3-BF4B-00C04F79EFBC}") = "GPCSServerLib", "ServerLib\GPCSServerLib.csproj", "{7B19623E-0DF6-4A48-8813-431BA56B7755}"
EndProject
Project("{FAE04EC0-301F-11D3-BF4B-00C04F79EFBC}") = "ImageLib", "ImageLib\ImageLib.csproj", "{865E0FAC-FCB7-4076-B409-8D68580CA0A1}"
EndProject
Project("{FAE04EC0-301F-11D3-BF4B-00C04F79EFBC}") = "AutomationLib", "AutoFocusLib\AutomationLib.csproj", "{70CCE954-625D-4D32-819F-C14BF8130F95}"
EndProject
Project("{FAE04EC0-301F-11D3-BF4B-00C04F79EFBC}") = "AutoBCLib", "AutoBCLib\AutoBCLib.csproj", "{0E9EC87F-E2FA-41B5-920E-47ACBBE3E430}"
EndProject
Global
	GlobalSection(SolutionConfigurationPlatforms) = preSolution
		Debug|Any CPU = Debug|Any CPU
		Debug|x64 = Debug|x64
		Release|Any CPU = Release|Any CPU
		Release|x64 = Release|x64
	EndGlobalSection
	GlobalSection(ProjectConfigurationPlatforms) = postSolution
		{5FF278B4-105A-4F3A-A235-B16E86D84A6D}.Debug|Any CPU.ActiveCfg = Debug|Any CPU
		{5FF278B4-105A-4F3A-A235-B16E86D84A6D}.Debug|Any CPU.Build.0 = Debug|Any CPU
		{5FF278B4-105A-4F3A-A235-B16E86D84A6D}.Debug|x64.ActiveCfg = Debug|Any CPU
		{5FF278B4-105A-4F3A-A235-B16E86D84A6D}.Debug|x64.Build.0 = Debug|Any CPU
		{5FF278B4-105A-4F3A-A235-B16E86D84A6D}.Release|Any CPU.ActiveCfg = Release|Any CPU
		{5FF278B4-105A-4F3A-A235-B16E86D84A6D}.Release|Any CPU.Build.0 = Release|Any CPU
		{5FF278B4-105A-4F3A-A235-B16E86D84A6D}.Release|x64.ActiveCfg = Release|Any CPU
		{5FF278B4-105A-4F3A-A235-B16E86D84A6D}.Release|x64.Build.0 = Release|Any CPU
		{3E2C195E-6C4A-43BD-BF54-DB4C5C7A15E6}.Debug|Any CPU.ActiveCfg = Debug|Any CPU
		{3E2C195E-6C4A-43BD-BF54-DB4C5C7A15E6}.Debug|Any CPU.Build.0 = Debug|Any CPU
		{3E2C195E-6C4A-43BD-BF54-DB4C5C7A15E6}.Debug|x64.ActiveCfg = Debug|Any CPU
		{3E2C195E-6C4A-43BD-BF54-DB4C5C7A15E6}.Debug|x64.Build.0 = Debug|Any CPU
		{3E2C195E-6C4A-43BD-BF54-DB4C5C7A15E6}.Release|Any CPU.ActiveCfg = Release|Any CPU
		{3E2C195E-6C4A-43BD-BF54-DB4C5C7A15E6}.Release|Any CPU.Build.0 = Release|Any CPU
		{3E2C195E-6C4A-43BD-BF54-DB4C5C7A15E6}.Release|x64.ActiveCfg = Release|Any CPU
		{3E2C195E-6C4A-43BD-BF54-DB4C5C7A15E6}.Release|x64.Build.0 = Release|Any CPU
		{F2A9A28A-1505-4399-8546-859752199E90}.Debug|Any CPU.ActiveCfg = Debug|Any CPU
		{F2A9A28A-1505-4399-8546-859752199E90}.Debug|Any CPU.Build.0 = Debug|Any CPU
		{F2A9A28A-1505-4399-8546-859752199E90}.Debug|x64.ActiveCfg = Debug|Any CPU
		{F2A9A28A-1505-4399-8546-859752199E90}.Debug|x64.Build.0 = Debug|Any CPU
		{F2A9A28A-1505-4399-8546-859752199E90}.Release|Any CPU.ActiveCfg = Release|Any CPU
		{F2A9A28A-1505-4399-8546-859752199E90}.Release|Any CPU.Build.0 = Release|Any CPU
		{F2A9A28A-1505-4399-8546-859752199E90}.Release|x64.ActiveCfg = Release|Any CPU
		{F2A9A28A-1505-4399-8546-859752199E90}.Release|x64.Build.0 = Release|Any CPU
		{15F70AD4-47FB-46CC-B506-55BEAA471C87}.Debug|Any CPU.ActiveCfg = Debug|Any CPU
		{15F70AD4-47FB-46CC-B506-55BEAA471C87}.Debug|Any CPU.Build.0 = Debug|Any CPU
		{15F70AD4-47FB-46CC-B506-55BEAA471C87}.Debug|x64.ActiveCfg = Debug|Any CPU
		{15F70AD4-47FB-46CC-B506-55BEAA471C87}.Debug|x64.Build.0 = Debug|Any CPU
		{15F70AD4-47FB-46CC-B506-55BEAA471C87}.Release|Any CPU.ActiveCfg = Release|Any CPU
		{15F70AD4-47FB-46CC-B506-55BEAA471C87}.Release|Any CPU.Build.0 = Release|Any CPU
		{15F70AD4-47FB-46CC-B506-55BEAA471C87}.Release|x64.ActiveCfg = Release|Any CPU
		{15F70AD4-47FB-46CC-B506-55BEAA471C87}.Release|x64.Build.0 = Release|Any CPU
		{329BEC2E-B887-40AD-B83A-4CF718ABB0FD}.Debug|Any CPU.ActiveCfg = Debug|Any CPU
		{329BEC2E-B887-40AD-B83A-4CF718ABB0FD}.Debug|Any CPU.Build.0 = Debug|Any CPU
		{329BEC2E-B887-40AD-B83A-4CF718ABB0FD}.Debug|x64.ActiveCfg = Debug|x64
		{329BEC2E-B887-40AD-B83A-4CF718ABB0FD}.Debug|x64.Build.0 = Debug|x64
		{329BEC2E-B887-40AD-B83A-4CF718ABB0FD}.Release|Any CPU.ActiveCfg = Release|Any CPU
		{329BEC2E-B887-40AD-B83A-4CF718ABB0FD}.Release|Any CPU.Build.0 = Release|Any CPU
		{329BEC2E-B887-40AD-B83A-4CF718ABB0FD}.Release|x64.ActiveCfg = Release|x64
		{329BEC2E-B887-40AD-B83A-4CF718ABB0FD}.Release|x64.Build.0 = Release|x64
		{A1CA4050-AE72-4685-A65E-3B8799E7E54B}.Debug|Any CPU.ActiveCfg = Debug|Any CPU
		{A1CA4050-AE72-4685-A65E-3B8799E7E54B}.Debug|Any CPU.Build.0 = Debug|Any CPU
		{A1CA4050-AE72-4685-A65E-3B8799E7E54B}.Debug|x64.ActiveCfg = Debug|Any CPU
		{A1CA4050-AE72-4685-A65E-3B8799E7E54B}.Debug|x64.Build.0 = Debug|Any CPU
		{A1CA4050-AE72-4685-A65E-3B8799E7E54B}.Release|Any CPU.ActiveCfg = Release|Any CPU
		{A1CA4050-AE72-4685-A65E-3B8799E7E54B}.Release|Any CPU.Build.0 = Release|Any CPU
		{A1CA4050-AE72-4685-A65E-3B8799E7E54B}.Release|x64.ActiveCfg = Release|Any CPU
		{A1CA4050-AE72-4685-A65E-3B8799E7E54B}.Release|x64.Build.0 = Release|Any CPU
		{51983130-8FDB-42AA-B32E-A7872E902899}.Debug|Any CPU.ActiveCfg = Debug|Any CPU
		{51983130-8FDB-42AA-B32E-A7872E902899}.Debug|Any CPU.Build.0 = Debug|Any CPU
		{51983130-8FDB-42AA-B32E-A7872E902899}.Debug|x64.ActiveCfg = Debug|Any CPU
		{51983130-8FDB-42AA-B32E-A7872E902899}.Debug|x64.Build.0 = Debug|Any CPU
		{51983130-8FDB-42AA-B32E-A7872E902899}.Release|Any CPU.ActiveCfg = Release|Any CPU
		{51983130-8FDB-42AA-B32E-A7872E902899}.Release|Any CPU.Build.0 = Release|Any CPU
		{51983130-8FDB-42AA-B32E-A7872E902899}.Release|x64.ActiveCfg = Release|Any CPU
		{51983130-8FDB-42AA-B32E-A7872E902899}.Release|x64.Build.0 = Release|Any CPU
		{37C446AB-F13B-4A3F-BB0E-135125AC4653}.Debug|Any CPU.ActiveCfg = Debug|Any CPU
		{37C446AB-F13B-4A3F-BB0E-135125AC4653}.Debug|Any CPU.Build.0 = Debug|Any CPU
		{37C446AB-F13B-4A3F-BB0E-135125AC4653}.Debug|x64.ActiveCfg = Debug|Any CPU
		{37C446AB-F13B-4A3F-BB0E-135125AC4653}.Debug|x64.Build.0 = Debug|Any CPU
		{37C446AB-F13B-4A3F-BB0E-135125AC4653}.Release|Any CPU.ActiveCfg = Release|Any CPU
		{37C446AB-F13B-4A3F-BB0E-135125AC4653}.Release|Any CPU.Build.0 = Release|Any CPU
		{37C446AB-F13B-4A3F-BB0E-135125AC4653}.Release|x64.ActiveCfg = Release|Any CPU
		{37C446AB-F13B-4A3F-BB0E-135125AC4653}.Release|x64.Build.0 = Release|Any CPU
		{7B19623E-0DF6-4A48-8813-431BA56B7755}.Debug|Any CPU.ActiveCfg = Debug|Any CPU
		{7B19623E-0DF6-4A48-8813-431BA56B7755}.Debug|Any CPU.Build.0 = Debug|Any CPU
		{7B19623E-0DF6-4A48-8813-431BA56B7755}.Debug|x64.ActiveCfg = Debug|Any CPU
		{7B19623E-0DF6-4A48-8813-431BA56B7755}.Debug|x64.Build.0 = Debug|Any CPU
		{7B19623E-0DF6-4A48-8813-431BA56B7755}.Release|Any CPU.ActiveCfg = Release|Any CPU
		{7B19623E-0DF6-4A48-8813-431BA56B7755}.Release|Any CPU.Build.0 = Release|Any CPU
		{7B19623E-0DF6-4A48-8813-431BA56B7755}.Release|x64.ActiveCfg = Release|Any CPU
		{7B19623E-0DF6-4A48-8813-431BA56B7755}.Release|x64.Build.0 = Release|Any CPU
		{865E0FAC-FCB7-4076-B409-8D68580CA0A1}.Debug|Any CPU.ActiveCfg = Debug|Any CPU
		{865E0FAC-FCB7-4076-B409-8D68580CA0A1}.Debug|Any CPU.Build.0 = Debug|Any CPU
		{865E0FAC-FCB7-4076-B409-8D68580CA0A1}.Debug|x64.ActiveCfg = Debug|Any CPU
		{865E0FAC-FCB7-4076-B409-8D68580CA0A1}.Debug|x64.Build.0 = Debug|Any CPU
		{865E0FAC-FCB7-4076-B409-8D68580CA0A1}.Release|Any CPU.ActiveCfg = Release|Any CPU
		{865E0FAC-FCB7-4076-B409-8D68580CA0A1}.Release|Any CPU.Build.0 = Release|Any CPU
		{865E0FAC-FCB7-4076-B409-8D68580CA0A1}.Release|x64.ActiveCfg = Release|Any CPU
		{865E0FAC-FCB7-4076-B409-8D68580CA0A1}.Release|x64.Build.0 = Release|Any CPU
		{70CCE954-625D-4D32-819F-C14BF8130F95}.Debug|Any CPU.ActiveCfg = Debug|Any CPU
		{70CCE954-625D-4D32-819F-C14BF8130F95}.Debug|Any CPU.Build.0 = Debug|Any CPU
		{70CCE954-625D-4D32-819F-C14BF8130F95}.Debug|x64.ActiveCfg = Debug|Any CPU
		{70CCE954-625D-4D32-819F-C14BF8130F95}.Debug|x64.Build.0 = Debug|Any CPU
		{70CCE954-625D-4D32-819F-C14BF8130F95}.Release|Any CPU.ActiveCfg = Release|Any CPU
		{70CCE954-625D-4D32-819F-C14BF8130F95}.Release|Any CPU.Build.0 = Release|Any CPU
		{70CCE954-625D-4D32-819F-C14BF8130F95}.Release|x64.ActiveCfg = Release|Any CPU
		{70CCE954-625D-4D32-819F-C14BF8130F95}.Release|x64.Build.0 = Release|Any CPU
		{0E9EC87F-E2FA-41B5-920E-47ACBBE3E430}.Debug|Any CPU.ActiveCfg = Debug|Any CPU
		{0E9EC87F-E2FA-41B5-920E-47ACBBE3E430}.Debug|Any CPU.Build.0 = Debug|Any CPU
		{0E9EC87F-E2FA-41B5-920E-47ACBBE3E430}.Debug|x64.ActiveCfg = Debug|Any CPU
		{0E9EC87F-E2FA-41B5-920E-47ACBBE3E430}.Debug|x64.Build.0 = Debug|Any CPU
		{0E9EC87F-E2FA-41B5-920E-47ACBBE3E430}.Release|Any CPU.ActiveCfg = Release|Any CPU
		{0E9EC87F-E2FA-41B5-920E-47ACBBE3E430}.Release|Any CPU.Build.0 = Release|Any CPU
		{0E9EC87F-E2FA-41B5-920E-47ACBBE3E430}.Release|x64.ActiveCfg = Release|Any CPU
		{0E9EC87F-E2FA-41B5-920E-47ACBBE3E430}.Release|x64.Build.0 = Release|Any CPU
	EndGlobalSection
	GlobalSection(SolutionProperties) = preSolution
		HideSolutionNode = FALSE
	EndGlobalSection
	GlobalSection(ExtensibilityGlobals) = postSolution
		SolutionGuid = {327B8F5C-0884-40A8-AF2C-7B4020D668AC}
	EndGlobalSection
EndGlobal
