
Microsoft Visual Studio Solution File, Format Version 12.00
# Visual Studio Version 16
VisualStudioVersion = 16.0.31729.503
MinimumVisualStudioVersion = 10.0.40219.1
Project("{FAE04EC0-301F-11D3-BF4B-00C04F79EFBC}") = "SEM_UI", "SEM_UI\SEM_UI.csproj", "{C92481DE-156A-4E41-B55A-3423633D3819}"
EndProject
Project("{FAE04EC0-301F-11D3-BF4B-00C04F79EFBC}") = "GPCSCommon", "GPCSCommon\GPCSCommon.csproj", "{5FF278B4-105A-4F3A-A235-B16E86D84A6D}"
EndProject
Project("{FAE04EC0-301F-11D3-BF4B-00C04F79EFBC}") = "DebugLogger", "DebugLogger\DebugLogger.csproj", "{A1CA4050-AE72-4685-A65E-3B8799E7E54B}"
EndProject
Project("{FAE04EC0-301F-11D3-BF4B-00C04F79EFBC}") = "SEM_UI_CtrlEx", "SEM_UI_CtrlEx\SEM_UI_CtrlEx.csproj", "{D7D0856F-FF95-4567-8BAB-345A5FE36772}"
EndProject
Project("{FAE04EC0-301F-11D3-BF4B-00C04F79EFBC}") = "KnobPanelLib", "KnobPanelLib\KnobPanelLib.csproj", "{52AEC4ED-73A3-43F9-831B-D33EA03CE203}"
EndProject
Project("{FAE04EC0-301F-11D3-BF4B-00C04F79EFBC}") = "SEM_UI_UserPreConfig", "SEM_UI_UserPreConfig\SEM_UI_UserPreConfig.csproj", "{CA3C6FA2-D31E-40DC-BBCF-71B942306CDD}"
EndProject
Project("{FAE04EC0-301F-11D3-BF4B-00C04F79EFBC}") = "SEM_UI_MenuBar", "SEM_UI_MenuBar\SEM_UI_MenuBar.csproj", "{EDCAFDA7-9CB2-4B55-8975-E6FEC0324496}"
EndProject
Project("{FAE04EC0-301F-11D3-BF4B-00C04F79EFBC}") = "SEM_UI_Plasma", "SEM_UI_Plasma\SEM_UI_Plasma.csproj", "{A0DA3958-119E-4313-B7F1-4BEDD5CE8D01}"
EndProject
Project("{FAE04EC0-301F-11D3-BF4B-00C04F79EFBC}") = "SEM_UI_SettingWindows", "SEM_UI_SettingWindows\SEM_UI_SettingWindows.csproj", "{F14189E2-567F-48CC-B7BA-559269A7B528}"
EndProject
Project("{FAE04EC0-301F-11D3-BF4B-00C04F79EFBC}") = "SEM_UI_JoyStick", "SEM_UI_JoyStick\SEM_UI_JoyStick.csproj", "{A42E60D0-4F64-4F88-87CE-DD7D434802C1}"
EndProject
Project("{FAE04EC0-301F-11D3-BF4B-00C04F79EFBC}") = "SEM_SerialPort", "SEM_UI_SerialPort\SEM_SerialPort.csproj", "{65596E54-15BF-4E8C-9188-597F8C23A289}"
EndProject
Project("{FAE04EC0-301F-11D3-BF4B-00C04F79EFBC}") = "SEM_UI_Recipe", "SEM_UI_Recipe\SEM_UI_Recipe.csproj", "{67B40368-BA1A-483F-9264-2E6CF4687244}"
EndProject
Project("{FAE04EC0-301F-11D3-BF4B-00C04F79EFBC}") = "SEM_UI_SystemMessageWindow", "SEM_UI_SystemMessageWindow\SEM_UI_SystemMessageWindow.csproj", "{AC46E8A8-98A9-498F-821B-49AA377F5295}"
EndProject
Project("{FAE04EC0-301F-11D3-BF4B-00C04F79EFBC}") = "ImageDocuments", "ImageDocument\ImageDocuments.csproj", "{BF3444ED-01B8-44B4-A08C-0DC07BE6BD12}"
EndProject
Project("{FAE04EC0-301F-11D3-BF4B-00C04F79EFBC}") = "ImageGraphics", "ImageGraphics\ImageGraphics.csproj", "{87AF4493-F14A-43D9-8A39-9163CD3F675F}"
EndProject
Project("{FAE04EC0-301F-11D3-BF4B-00C04F79EFBC}") = "ImageLib", "ImageLib\ImageLib.csproj", "{865E0FAC-FCB7-4076-B409-8D68580CA0A1}"
EndProject
Project("{FAE04EC0-301F-11D3-BF4B-00C04F79EFBC}") = "SEM_UI_ToolBar", "SEM_UI_ToolBar\SEM_UI_ToolBar.csproj", "{A68F2AEE-34F0-49B8-A3A1-1D48C4A5550E}"
EndProject
Project("{FAE04EC0-301F-11D3-BF4B-00C04F79EFBC}") = "SEM_UI_AnnotationBar", "SEM_UI_AnnotationBar\SEM_UI_AnnotationBar.csproj", "{0B5CAF1A-E9F6-42A6-99E5-30ECD77F9E57}"
EndProject
Project("{FAE04EC0-301F-11D3-BF4B-00C04F79EFBC}") = "SEM_UI_CCDViewer", "SEM_UI_CCDViewer\SEM_UI_CCDViewer.csproj", "{5979117C-C286-4D7C-BD26-1543F4FB957E}"
EndProject
Project("{FAE04EC0-301F-11D3-BF4B-00C04F79EFBC}") = "SEM_UI_DataBar", "SEM_UI_DataBar\SEM_UI_DataBar.csproj", "{068875A9-C9BC-4070-854B-9F9BECFA255A}"
EndProject
Project("{FAE04EC0-301F-11D3-BF4B-00C04F79EFBC}") = "SEM_UI_Resolution", "SEM_UI_Resolution\SEM_UI_Resolution.csproj", "{9EDF2D42-437C-4B47-8F7D-48039FD9B060}"
EndProject
Project("{FAE04EC0-301F-11D3-BF4B-00C04F79EFBC}") = "SEM_UI_CtrlPanel", "SEM_UI_CtrlPanel\SEM_UI_CtrlPanel.csproj", "{821A0BD5-C14B-4175-B918-82D225B3BBA2}"
EndProject
Project("{FAE04EC0-301F-11D3-BF4B-00C04F79EFBC}") = "SEM_UI_ShortCutBar", "SEM_UI_ShortCutBar\SEM_UI_ShortCutBar.csproj", "{672EA055-BF4D-4CB1-8FB3-B43D0586C1B7}"
EndProject
Project("{FAE04EC0-301F-11D3-BF4B-00C04F79EFBC}") = "SEM_UI_StateBar", "SEM_UI_StateBar\SEM_UI_StateBar.csproj", "{E8DDD327-EA0B-4747-A32C-09C5F1128F82}"
EndProject
Project("{FAE04EC0-301F-11D3-BF4B-00C04F79EFBC}") = "SEM_UI_Viewer", "SEM_UI_Viewer\SEM_UI_Viewer.csproj", "{B25F04D3-8DC9-4958-B578-0975C3B6F9BB}"
EndProject
Project("{FAE04EC0-301F-11D3-BF4B-00C04F79EFBC}") = "UDPClient", "UDPClient\UDPClient.csproj", "{51983130-8FDB-42AA-B32E-A7872E902899}"
EndProject
Project("{FAE04EC0-301F-11D3-BF4B-00C04F79EFBC}") = "DataLogger", "DataLogger\DataLogger.csproj", "{2667C2DD-0B7A-44A1-ABEB-AA022AAD6F5E}"
EndProject
Project("{FAE04EC0-301F-11D3-BF4B-00C04F79EFBC}") = "GPCSClientLib", "ClientLib\GPCSClientLib.csproj", "{37C446AB-F13B-4A3F-BB0E-135125AC4653}"
EndProject
Project("{FAE04EC0-301F-11D3-BF4B-00C04F79EFBC}") = "PicoammeterCtlrLib", "SEM_UI_PicoammeterCtrlLib\PicoammeterCtlrLib.csproj", "{FD5ACA83-5DEA-4CC4-8628-723C1C7967A7}"
EndProject
Project("{FAE04EC0-301F-11D3-BF4B-00C04F79EFBC}") = "SEM_PolygonCtrlLib", "SEM_PolygonCtrlLib\SEM_PolygonCtrlLib.csproj", "{F8C4ADC5-FF6C-4F2B-8118-8F08CE8F645B}"
EndProject
Global
	GlobalSection(SolutionConfigurationPlatforms) = preSolution
		Debug|Any CPU = Debug|Any CPU
		Release|Any CPU = Release|Any CPU
	EndGlobalSection
	GlobalSection(ProjectConfigurationPlatforms) = postSolution
		{C92481DE-156A-4E41-B55A-3423633D3819}.Debug|Any CPU.ActiveCfg = Debug|Any CPU
		{C92481DE-156A-4E41-B55A-3423633D3819}.Debug|Any CPU.Build.0 = Debug|Any CPU
		{C92481DE-156A-4E41-B55A-3423633D3819}.Release|Any CPU.ActiveCfg = Release|Any CPU
		{C92481DE-156A-4E41-B55A-3423633D3819}.Release|Any CPU.Build.0 = Release|Any CPU
		{5FF278B4-105A-4F3A-A235-B16E86D84A6D}.Debug|Any CPU.ActiveCfg = Debug|Any CPU
		{5FF278B4-105A-4F3A-A235-B16E86D84A6D}.Debug|Any CPU.Build.0 = Debug|Any CPU
		{5FF278B4-105A-4F3A-A235-B16E86D84A6D}.Release|Any CPU.ActiveCfg = Release|Any CPU
		{5FF278B4-105A-4F3A-A235-B16E86D84A6D}.Release|Any CPU.Build.0 = Release|Any CPU
		{A1CA4050-AE72-4685-A65E-3B8799E7E54B}.Debug|Any CPU.ActiveCfg = Debug|Any CPU
		{A1CA4050-AE72-4685-A65E-3B8799E7E54B}.Debug|Any CPU.Build.0 = Debug|Any CPU
		{A1CA4050-AE72-4685-A65E-3B8799E7E54B}.Release|Any CPU.ActiveCfg = Release|Any CPU
		{A1CA4050-AE72-4685-A65E-3B8799E7E54B}.Release|Any CPU.Build.0 = Release|Any CPU
		{D7D0856F-FF95-4567-8BAB-345A5FE36772}.Debug|Any CPU.ActiveCfg = Debug|Any CPU
		{D7D0856F-FF95-4567-8BAB-345A5FE36772}.Debug|Any CPU.Build.0 = Debug|Any CPU
		{D7D0856F-FF95-4567-8BAB-345A5FE36772}.Release|Any CPU.ActiveCfg = Release|Any CPU
		{D7D0856F-FF95-4567-8BAB-345A5FE36772}.Release|Any CPU.Build.0 = Release|Any CPU
		{52AEC4ED-73A3-43F9-831B-D33EA03CE203}.Debug|Any CPU.ActiveCfg = Debug|Any CPU
		{52AEC4ED-73A3-43F9-831B-D33EA03CE203}.Debug|Any CPU.Build.0 = Debug|Any CPU
		{52AEC4ED-73A3-43F9-831B-D33EA03CE203}.Release|Any CPU.ActiveCfg = Release|Any CPU
		{52AEC4ED-73A3-43F9-831B-D33EA03CE203}.Release|Any CPU.Build.0 = Release|Any CPU
		{CA3C6FA2-D31E-40DC-BBCF-71B942306CDD}.Debug|Any CPU.ActiveCfg = Debug|Any CPU
		{CA3C6FA2-D31E-40DC-BBCF-71B942306CDD}.Debug|Any CPU.Build.0 = Debug|Any CPU
		{CA3C6FA2-D31E-40DC-BBCF-71B942306CDD}.Release|Any CPU.ActiveCfg = Release|Any CPU
		{CA3C6FA2-D31E-40DC-BBCF-71B942306CDD}.Release|Any CPU.Build.0 = Release|Any CPU
		{EDCAFDA7-9CB2-4B55-8975-E6FEC0324496}.Debug|Any CPU.ActiveCfg = Debug|Any CPU
		{EDCAFDA7-9CB2-4B55-8975-E6FEC0324496}.Debug|Any CPU.Build.0 = Debug|Any CPU
		{EDCAFDA7-9CB2-4B55-8975-E6FEC0324496}.Release|Any CPU.ActiveCfg = Release|Any CPU
		{EDCAFDA7-9CB2-4B55-8975-E6FEC0324496}.Release|Any CPU.Build.0 = Release|Any CPU
		{A0DA3958-119E-4313-B7F1-4BEDD5CE8D01}.Debug|Any CPU.ActiveCfg = Debug|Any CPU
		{A0DA3958-119E-4313-B7F1-4BEDD5CE8D01}.Debug|Any CPU.Build.0 = Debug|Any CPU
		{A0DA3958-119E-4313-B7F1-4BEDD5CE8D01}.Release|Any CPU.ActiveCfg = Release|Any CPU
		{A0DA3958-119E-4313-B7F1-4BEDD5CE8D01}.Release|Any CPU.Build.0 = Release|Any CPU
		{F14189E2-567F-48CC-B7BA-559269A7B528}.Debug|Any CPU.ActiveCfg = Debug|Any CPU
		{F14189E2-567F-48CC-B7BA-559269A7B528}.Debug|Any CPU.Build.0 = Debug|Any CPU
		{F14189E2-567F-48CC-B7BA-559269A7B528}.Release|Any CPU.ActiveCfg = Release|Any CPU
		{F14189E2-567F-48CC-B7BA-559269A7B528}.Release|Any CPU.Build.0 = Release|Any CPU
		{A42E60D0-4F64-4F88-87CE-DD7D434802C1}.Debug|Any CPU.ActiveCfg = Debug|Any CPU
		{A42E60D0-4F64-4F88-87CE-DD7D434802C1}.Debug|Any CPU.Build.0 = Debug|Any CPU
		{A42E60D0-4F64-4F88-87CE-DD7D434802C1}.Release|Any CPU.ActiveCfg = Release|Any CPU
		{A42E60D0-4F64-4F88-87CE-DD7D434802C1}.Release|Any CPU.Build.0 = Release|Any CPU
		{65596E54-15BF-4E8C-9188-597F8C23A289}.Debug|Any CPU.ActiveCfg = Debug|Any CPU
		{65596E54-15BF-4E8C-9188-597F8C23A289}.Debug|Any CPU.Build.0 = Debug|Any CPU
		{65596E54-15BF-4E8C-9188-597F8C23A289}.Release|Any CPU.ActiveCfg = Release|Any CPU
		{65596E54-15BF-4E8C-9188-597F8C23A289}.Release|Any CPU.Build.0 = Release|Any CPU
		{67B40368-BA1A-483F-9264-2E6CF4687244}.Debug|Any CPU.ActiveCfg = Debug|Any CPU
		{67B40368-BA1A-483F-9264-2E6CF4687244}.Debug|Any CPU.Build.0 = Debug|Any CPU
		{67B40368-BA1A-483F-9264-2E6CF4687244}.Release|Any CPU.ActiveCfg = Release|Any CPU
		{67B40368-BA1A-483F-9264-2E6CF4687244}.Release|Any CPU.Build.0 = Release|Any CPU
		{AC46E8A8-98A9-498F-821B-49AA377F5295}.Debug|Any CPU.ActiveCfg = Debug|Any CPU
		{AC46E8A8-98A9-498F-821B-49AA377F5295}.Debug|Any CPU.Build.0 = Debug|Any CPU
		{AC46E8A8-98A9-498F-821B-49AA377F5295}.Release|Any CPU.ActiveCfg = Release|Any CPU
		{AC46E8A8-98A9-498F-821B-49AA377F5295}.Release|Any CPU.Build.0 = Release|Any CPU
		{BF3444ED-01B8-44B4-A08C-0DC07BE6BD12}.Debug|Any CPU.ActiveCfg = Debug|Any CPU
		{BF3444ED-01B8-44B4-A08C-0DC07BE6BD12}.Debug|Any CPU.Build.0 = Debug|Any CPU
		{BF3444ED-01B8-44B4-A08C-0DC07BE6BD12}.Release|Any CPU.ActiveCfg = Release|Any CPU
		{BF3444ED-01B8-44B4-A08C-0DC07BE6BD12}.Release|Any CPU.Build.0 = Release|Any CPU
		{87AF4493-F14A-43D9-8A39-9163CD3F675F}.Debug|Any CPU.ActiveCfg = Debug|Any CPU
		{87AF4493-F14A-43D9-8A39-9163CD3F675F}.Debug|Any CPU.Build.0 = Debug|Any CPU
		{87AF4493-F14A-43D9-8A39-9163CD3F675F}.Release|Any CPU.ActiveCfg = Release|Any CPU
		{87AF4493-F14A-43D9-8A39-9163CD3F675F}.Release|Any CPU.Build.0 = Release|Any CPU
		{865E0FAC-FCB7-4076-B409-8D68580CA0A1}.Debug|Any CPU.ActiveCfg = Debug|Any CPU
		{865E0FAC-FCB7-4076-B409-8D68580CA0A1}.Debug|Any CPU.Build.0 = Debug|Any CPU
		{865E0FAC-FCB7-4076-B409-8D68580CA0A1}.Release|Any CPU.ActiveCfg = Release|Any CPU
		{865E0FAC-FCB7-4076-B409-8D68580CA0A1}.Release|Any CPU.Build.0 = Release|Any CPU
		{A68F2AEE-34F0-49B8-A3A1-1D48C4A5550E}.Debug|Any CPU.ActiveCfg = Debug|Any CPU
		{A68F2AEE-34F0-49B8-A3A1-1D48C4A5550E}.Debug|Any CPU.Build.0 = Debug|Any CPU
		{A68F2AEE-34F0-49B8-A3A1-1D48C4A5550E}.Release|Any CPU.ActiveCfg = Release|Any CPU
		{A68F2AEE-34F0-49B8-A3A1-1D48C4A5550E}.Release|Any CPU.Build.0 = Release|Any CPU
		{0B5CAF1A-E9F6-42A6-99E5-30ECD77F9E57}.Debug|Any CPU.ActiveCfg = Debug|Any CPU
		{0B5CAF1A-E9F6-42A6-99E5-30ECD77F9E57}.Debug|Any CPU.Build.0 = Debug|Any CPU
		{0B5CAF1A-E9F6-42A6-99E5-30ECD77F9E57}.Release|Any CPU.ActiveCfg = Release|Any CPU
		{0B5CAF1A-E9F6-42A6-99E5-30ECD77F9E57}.Release|Any CPU.Build.0 = Release|Any CPU
		{5979117C-C286-4D7C-BD26-1543F4FB957E}.Debug|Any CPU.ActiveCfg = Debug|Any CPU
		{5979117C-C286-4D7C-BD26-1543F4FB957E}.Debug|Any CPU.Build.0 = Debug|Any CPU
		{5979117C-C286-4D7C-BD26-1543F4FB957E}.Release|Any CPU.ActiveCfg = Release|Any CPU
		{5979117C-C286-4D7C-BD26-1543F4FB957E}.Release|Any CPU.Build.0 = Release|Any CPU
		{068875A9-C9BC-4070-854B-9F9BECFA255A}.Debug|Any CPU.ActiveCfg = Debug|Any CPU
		{068875A9-C9BC-4070-854B-9F9BECFA255A}.Debug|Any CPU.Build.0 = Debug|Any CPU
		{068875A9-C9BC-4070-854B-9F9BECFA255A}.Release|Any CPU.ActiveCfg = Release|Any CPU
		{068875A9-C9BC-4070-854B-9F9BECFA255A}.Release|Any CPU.Build.0 = Release|Any CPU
		{9EDF2D42-437C-4B47-8F7D-48039FD9B060}.Debug|Any CPU.ActiveCfg = Debug|Any CPU
		{9EDF2D42-437C-4B47-8F7D-48039FD9B060}.Debug|Any CPU.Build.0 = Debug|Any CPU
		{9EDF2D42-437C-4B47-8F7D-48039FD9B060}.Release|Any CPU.ActiveCfg = Release|Any CPU
		{9EDF2D42-437C-4B47-8F7D-48039FD9B060}.Release|Any CPU.Build.0 = Release|Any CPU
		{821A0BD5-C14B-4175-B918-82D225B3BBA2}.Debug|Any CPU.ActiveCfg = Debug|Any CPU
		{821A0BD5-C14B-4175-B918-82D225B3BBA2}.Debug|Any CPU.Build.0 = Debug|Any CPU
		{821A0BD5-C14B-4175-B918-82D225B3BBA2}.Release|Any CPU.ActiveCfg = Release|Any CPU
		{821A0BD5-C14B-4175-B918-82D225B3BBA2}.Release|Any CPU.Build.0 = Release|Any CPU
		{672EA055-BF4D-4CB1-8FB3-B43D0586C1B7}.Debug|Any CPU.ActiveCfg = Debug|Any CPU
		{672EA055-BF4D-4CB1-8FB3-B43D0586C1B7}.Debug|Any CPU.Build.0 = Debug|Any CPU
		{672EA055-BF4D-4CB1-8FB3-B43D0586C1B7}.Release|Any CPU.ActiveCfg = Release|Any CPU
		{672EA055-BF4D-4CB1-8FB3-B43D0586C1B7}.Release|Any CPU.Build.0 = Release|Any CPU
		{E8DDD327-EA0B-4747-A32C-09C5F1128F82}.Debug|Any CPU.ActiveCfg = Debug|Any CPU
		{E8DDD327-EA0B-4747-A32C-09C5F1128F82}.Debug|Any CPU.Build.0 = Debug|Any CPU
		{E8DDD327-EA0B-4747-A32C-09C5F1128F82}.Release|Any CPU.ActiveCfg = Release|Any CPU
		{E8DDD327-EA0B-4747-A32C-09C5F1128F82}.Release|Any CPU.Build.0 = Release|Any CPU
		{B25F04D3-8DC9-4958-B578-0975C3B6F9BB}.Debug|Any CPU.ActiveCfg = Debug|Any CPU
		{B25F04D3-8DC9-4958-B578-0975C3B6F9BB}.Debug|Any CPU.Build.0 = Debug|Any CPU
		{B25F04D3-8DC9-4958-B578-0975C3B6F9BB}.Release|Any CPU.ActiveCfg = Release|Any CPU
		{B25F04D3-8DC9-4958-B578-0975C3B6F9BB}.Release|Any CPU.Build.0 = Release|Any CPU
		{51983130-8FDB-42AA-B32E-A7872E902899}.Debug|Any CPU.ActiveCfg = Debug|Any CPU
		{51983130-8FDB-42AA-B32E-A7872E902899}.Debug|Any CPU.Build.0 = Debug|Any CPU
		{51983130-8FDB-42AA-B32E-A7872E902899}.Release|Any CPU.ActiveCfg = Release|Any CPU
		{51983130-8FDB-42AA-B32E-A7872E902899}.Release|Any CPU.Build.0 = Release|Any CPU
		{2667C2DD-0B7A-44A1-ABEB-AA022AAD6F5E}.Debug|Any CPU.ActiveCfg = Debug|Any CPU
		{2667C2DD-0B7A-44A1-ABEB-AA022AAD6F5E}.Debug|Any CPU.Build.0 = Debug|Any CPU
		{2667C2DD-0B7A-44A1-ABEB-AA022AAD6F5E}.Release|Any CPU.ActiveCfg = Release|Any CPU
		{2667C2DD-0B7A-44A1-ABEB-AA022AAD6F5E}.Release|Any CPU.Build.0 = Release|Any CPU
		{37C446AB-F13B-4A3F-BB0E-135125AC4653}.Debug|Any CPU.ActiveCfg = Debug|Any CPU
		{37C446AB-F13B-4A3F-BB0E-135125AC4653}.Debug|Any CPU.Build.0 = Debug|Any CPU
		{37C446AB-F13B-4A3F-BB0E-135125AC4653}.Release|Any CPU.ActiveCfg = Release|Any CPU
		{37C446AB-F13B-4A3F-BB0E-135125AC4653}.Release|Any CPU.Build.0 = Release|Any CPU
		{FD5ACA83-5DEA-4CC4-8628-723C1C7967A7}.Debug|Any CPU.ActiveCfg = Debug|Any CPU
		{FD5ACA83-5DEA-4CC4-8628-723C1C7967A7}.Debug|Any CPU.Build.0 = Debug|Any CPU
		{FD5ACA83-5DEA-4CC4-8628-723C1C7967A7}.Release|Any CPU.ActiveCfg = Release|Any CPU
		{FD5ACA83-5DEA-4CC4-8628-723C1C7967A7}.Release|Any CPU.Build.0 = Release|Any CPU
		{F8C4ADC5-FF6C-4F2B-8118-8F08CE8F645B}.Debug|Any CPU.ActiveCfg = Debug|Any CPU
		{F8C4ADC5-FF6C-4F2B-8118-8F08CE8F645B}.Debug|Any CPU.Build.0 = Debug|Any CPU
		{F8C4ADC5-FF6C-4F2B-8118-8F08CE8F645B}.Release|Any CPU.ActiveCfg = Release|Any CPU
		{F8C4ADC5-FF6C-4F2B-8118-8F08CE8F645B}.Release|Any CPU.Build.0 = Release|Any CPU
	EndGlobalSection
	GlobalSection(SolutionProperties) = preSolution
		HideSolutionNode = FALSE
	EndGlobalSection
	GlobalSection(ExtensibilityGlobals) = postSolution
		SolutionGuid = {3FBE7EDA-681B-48D0-ADFF-053E3A5AB901}
	EndGlobalSection
EndGlobal
